{
  "name": "garbage-in-garbage-out",
  "version": "1.0.0",
  "lockfileVersion": 1,
  "requires": true,
  "dependencies": {
    "commander": {
      "version": "2.12.2",
      "resolved": "https://registry.npmjs.org/commander/-/commander-2.12.2.tgz",
      "integrity": "sha512-BFnaq5ZOGcDN7FlrtBT4xxkgIToalIIxwjxLWVJ8bGTpe1LroqMiqQXdA7ygc7CRvaYS+9zfPGFnJqFSayx+AA==",
      "dev": true
    },
    "rollup-plugin-uglify": {
      "version": "2.0.1",
      "resolved": "https://registry.npmjs.org/rollup-plugin-uglify/-/rollup-plugin-uglify-2.0.1.tgz",
      "integrity": "sha1-Z7N60e/a+9g69MNrQMGJ7khmyWk=",
      "dev": true,
      "requires": {
        "uglify-js": "3.3.4"
      }
    },
    "source-map": {
      "version": "0.6.1",
      "resolved": "https://registry.npmjs.org/source-map/-/source-map-0.6.1.tgz",
      "integrity": "sha512-UjgapumWlbMhkBgzT7Ykc5YXUT46F0iKu8SGXq0bcwP5dz/h0Plj6enJqjz1Zbq2l5WaqYnrVbwWOWMyF3F47g==",
      "dev": true
    },
    "uglify-js": {
      "version": "3.3.4",
      "resolved": "https://registry.npmjs.org/uglify-js/-/uglify-js-3.3.4.tgz",
      "integrity": "sha512-hfIwuAQI5dlXP30UtdmWoYF9k+ypVqBXIdmd6ZKBiaNHHvA8ty7ZloMe3+7S5AEKVkxHbjByl4DfRHQ7QpZquw==",
      "dev": true,
      "requires": {
        "commander": "2.12.2",
        "source-map": "0.6.1"
      }
    }
  }
}
